
Microsoft Visual Studio Solution File, Format Version 12.00
# Visual Studio 15
VisualStudioVersion = 15.0.27703.2035
MinimumVisualStudioVersion = 10.0.40219.1
Project("{2150E333-8FDC-42A3-9474-1A3956D46DE8}") = "build", "build", "{813C0C5B-F176-4B0C-91D8-99FB094480FB}"
	ProjectSection(SolutionItems) = preProject
		build\AndroidTemplateManifest.xml = build\AndroidTemplateManifest.xml
		build\BuildTemplateInfo.plist = build\BuildTemplateInfo.plist
	EndProjectSection
EndProject
Project("{2150E333-8FDC-42A3-9474-1A3956D46DE8}") = "Solution Items", "Solution Items", "{4064717D-FFBD-4B63-86EF-4FBBD4B9B587}"
	ProjectSection(SolutionItems) = preProject
		Directory.build.props = Directory.build.props
	EndProjectSection
EndProject
Project("{9A19103F-16F7-4668-BE54-9A1E7A4F7556}") = "Test_MobileTools", "src\Test_MobileTools\Test_MobileTools.csproj", "{CF87696D-5A3A-4704-AA4A-1C36971CCDB6}"
EndProject
Project("{FAE04EC0-301F-11D3-BF4B-00C04F79EFBC}") = "Test_MobileTools.Android", "src\Test_MobileTools.Android\Test_MobileTools.Android.csproj", "{3CF059C6-ED02-4B2C-8657-671C9ED44B46}"
EndProject
Global
	GlobalSection(SolutionConfigurationPlatforms) = preSolution
		Debug|Any CPU = Debug|Any CPU
		Mock|Any CPU = Mock|Any CPU
		Release|Any CPU = Release|Any CPU
	EndGlobalSection
	GlobalSection(ProjectConfigurationPlatforms) = postSolution
		{CF87696D-5A3A-4704-AA4A-1C36971CCDB6}.Debug|Any CPU.ActiveCfg = Debug|Any CPU
		{CF87696D-5A3A-4704-AA4A-1C36971CCDB6}.Debug|Any CPU.Build.0 = Debug|Any CPU
		{CF87696D-5A3A-4704-AA4A-1C36971CCDB6}.Mock|Any CPU.ActiveCfg = Debug|Any CPU
		{CF87696D-5A3A-4704-AA4A-1C36971CCDB6}.Mock|Any CPU.Build.0 = Debug|Any CPU
		{CF87696D-5A3A-4704-AA4A-1C36971CCDB6}.Release|Any CPU.ActiveCfg = Release|Any CPU
		{CF87696D-5A3A-4704-AA4A-1C36971CCDB6}.Release|Any CPU.Build.0 = Release|Any CPU
		{3CF059C6-ED02-4B2C-8657-671C9ED44B46}.Debug|Any CPU.ActiveCfg = Debug|Any CPU
		{3CF059C6-ED02-4B2C-8657-671C9ED44B46}.Debug|Any CPU.Build.0 = Debug|Any CPU
		{3CF059C6-ED02-4B2C-8657-671C9ED44B46}.Debug|Any CPU.Deploy.0 = Debug|Any CPU
		{3CF059C6-ED02-4B2C-8657-671C9ED44B46}.Mock|Any CPU.ActiveCfg = Mock|Any CPU
		{3CF059C6-ED02-4B2C-8657-671C9ED44B46}.Mock|Any CPU.Build.0 = Mock|Any CPU
		{3CF059C6-ED02-4B2C-8657-671C9ED44B46}.Mock|Any CPU.Deploy.0 = Mock|Any CPU
		{3CF059C6-ED02-4B2C-8657-671C9ED44B46}.Release|Any CPU.ActiveCfg = Release|Any CPU
		{3CF059C6-ED02-4B2C-8657-671C9ED44B46}.Release|Any CPU.Build.0 = Release|Any CPU
		{3CF059C6-ED02-4B2C-8657-671C9ED44B46}.Release|Any CPU.Deploy.0 = Release|Any CPU
	EndGlobalSection
	GlobalSection(SolutionProperties) = preSolution
		HideSolutionNode = FALSE
	EndGlobalSection
	GlobalSection(ExtensibilityGlobals) = postSolution
		SolutionGuid = {B3B257A4-08BE-43E0-A950-ACAFF946485E}
	EndGlobalSection
EndGlobal
