
Microsoft Visual Studio Solution File, Format Version 12.00
# Visual Studio 15
VisualStudioVersion = 15.0.27703.2035
MinimumVisualStudioVersion = 10.0.40219.1
Project("{FAE04EC0-301F-11D3-BF4B-00C04F79EFBC}") = "Test_MobileTools.Android", "Test_MobileTools\Test_MobileTools.Android\Test_MobileTools.Android.csproj", "{3CF059C6-ED02-4B2C-8657-671C9ED44B46}"
EndProject
Project("{FAE04EC0-301F-11D3-BF4B-00C04F79EFBC}") = "Test_MobileTools", "Test_MobileTools\Test_MobileTools\Test_MobileTools.csproj", "{C60053C5-86F6-44B7-855F-34DD68999E36}"
EndProject
Global
	GlobalSection(SolutionConfigurationPlatforms) = preSolution
		Debug|Any CPU = Debug|Any CPU
		Release|Any CPU = Release|Any CPU
	EndGlobalSection
	GlobalSection(ProjectConfigurationPlatforms) = postSolution
		{3CF059C6-ED02-4B2C-8657-671C9ED44B46}.Debug|Any CPU.ActiveCfg = Debug|Any CPU
		{3CF059C6-ED02-4B2C-8657-671C9ED44B46}.Debug|Any CPU.Build.0 = Debug|Any CPU
		{3CF059C6-ED02-4B2C-8657-671C9ED44B46}.Debug|Any CPU.Deploy.0 = Debug|Any CPU
		{3CF059C6-ED02-4B2C-8657-671C9ED44B46}.Release|Any CPU.ActiveCfg = Release|Any CPU
		{3CF059C6-ED02-4B2C-8657-671C9ED44B46}.Release|Any CPU.Build.0 = Release|Any CPU
		{3CF059C6-ED02-4B2C-8657-671C9ED44B46}.Release|Any CPU.Deploy.0 = Release|Any CPU
		{C60053C5-86F6-44B7-855F-34DD68999E36}.Debug|Any CPU.ActiveCfg = Debug|Any CPU
		{C60053C5-86F6-44B7-855F-34DD68999E36}.Debug|Any CPU.Build.0 = Debug|Any CPU
		{C60053C5-86F6-44B7-855F-34DD68999E36}.Debug|Any CPU.Deploy.0 = Debug|Any CPU
		{C60053C5-86F6-44B7-855F-34DD68999E36}.Release|Any CPU.ActiveCfg = Release|Any CPU
		{C60053C5-86F6-44B7-855F-34DD68999E36}.Release|Any CPU.Build.0 = Release|Any CPU
		{C60053C5-86F6-44B7-855F-34DD68999E36}.Release|Any CPU.Deploy.0 = Release|Any CPU
	EndGlobalSection
	GlobalSection(SolutionProperties) = preSolution
		HideSolutionNode = FALSE
	EndGlobalSection
	GlobalSection(ExtensibilityGlobals) = postSolution
		SolutionGuid = {B3B257A4-08BE-43E0-A950-ACAFF946485E}
	EndGlobalSection
EndGlobal
